
Microsoft Visual Studio Solution File, Format Version 12.00
# Visual Studio Version 17
VisualStudioVersion = 17.1.32328.378
MinimumVisualStudioVersion = 10.0.40219.1
Project("{FAE04EC0-301F-11D3-BF4B-00C04F79EFBC}") = "CashRegister.API", "CashRegister.API\CashRegister.API.csproj", "{193EE0A0-2A39-4164-B1DE-2E74B0EAAB9D}"
EndProject
Project("{FAE04EC0-301F-11D3-BF4B-00C04F79EFBC}") = "CashRegister.Application", "CashRegister.Application\CashRegister.Application.csproj", "{86185649-03D7-4931-9F1A-9D17C7405FF6}"
EndProject
Project("{FAE04EC0-301F-11D3-BF4B-00C04F79EFBC}") = "CashRegister.Domain", "CashRegister.Domain\CashRegister.Domain.csproj", "{4FCC6F59-BFD0-4DB8-82D4-0D0A94CD2C2E}"
EndProject
Project("{FAE04EC0-301F-11D3-BF4B-00C04F79EFBC}") = "CashRegister.Infrastructure", "CashRegister.Infrastructure\CashRegister.Infrastructure.csproj", "{2FEF46B6-48ED-4315-BCE3-6ACC56A70D09}"
EndProject
Global
	GlobalSection(SolutionConfigurationPlatforms) = preSolution
		Debug|Any CPU = Debug|Any CPU
		Release|Any CPU = Release|Any CPU
	EndGlobalSection
	GlobalSection(ProjectConfigurationPlatforms) = postSolution
		{193EE0A0-2A39-4164-B1DE-2E74B0EAAB9D}.Debug|Any CPU.ActiveCfg = Debug|Any CPU
		{193EE0A0-2A39-4164-B1DE-2E74B0EAAB9D}.Debug|Any CPU.Build.0 = Debug|Any CPU
		{193EE0A0-2A39-4164-B1DE-2E74B0EAAB9D}.Release|Any CPU.ActiveCfg = Release|Any CPU
		{193EE0A0-2A39-4164-B1DE-2E74B0EAAB9D}.Release|Any CPU.Build.0 = Release|Any CPU
		{86185649-03D7-4931-9F1A-9D17C7405FF6}.Debug|Any CPU.ActiveCfg = Debug|Any CPU
		{86185649-03D7-4931-9F1A-9D17C7405FF6}.Debug|Any CPU.Build.0 = Debug|Any CPU
		{86185649-03D7-4931-9F1A-9D17C7405FF6}.Release|Any CPU.ActiveCfg = Release|Any CPU
		{86185649-03D7-4931-9F1A-9D17C7405FF6}.Release|Any CPU.Build.0 = Release|Any CPU
		{4FCC6F59-BFD0-4DB8-82D4-0D0A94CD2C2E}.Debug|Any CPU.ActiveCfg = Debug|Any CPU
		{4FCC6F59-BFD0-4DB8-82D4-0D0A94CD2C2E}.Debug|Any CPU.Build.0 = Debug|Any CPU
		{4FCC6F59-BFD0-4DB8-82D4-0D0A94CD2C2E}.Release|Any CPU.ActiveCfg = Release|Any CPU
		{4FCC6F59-BFD0-4DB8-82D4-0D0A94CD2C2E}.Release|Any CPU.Build.0 = Release|Any CPU
		{2FEF46B6-48ED-4315-BCE3-6ACC56A70D09}.Debug|Any CPU.ActiveCfg = Debug|Any CPU
		{2FEF46B6-48ED-4315-BCE3-6ACC56A70D09}.Debug|Any CPU.Build.0 = Debug|Any CPU
		{2FEF46B6-48ED-4315-BCE3-6ACC56A70D09}.Release|Any CPU.ActiveCfg = Release|Any CPU
		{2FEF46B6-48ED-4315-BCE3-6ACC56A70D09}.Release|Any CPU.Build.0 = Release|Any CPU
	EndGlobalSection
	GlobalSection(SolutionProperties) = preSolution
		HideSolutionNode = FALSE
	EndGlobalSection
	GlobalSection(ExtensibilityGlobals) = postSolution
		SolutionGuid = {98C97F88-193B-4B43-9BBF-4FC4930587DC}
	EndGlobalSection
EndGlobal
